
Microsoft Visual Studio Solution File, Format Version 12.00
Project("{FAE04EC0-301F-11D3-BF4B-00C04F79EFBC}") = "Minebase.API", "Minebase.API\Minebase.API.csproj", "{13211B80-AD32-449F-96C3-8880F2DF1C77}"
EndProject
Global
	GlobalSection(SolutionConfigurationPlatforms) = preSolution
		Debug|Any CPU = Debug|Any CPU
		Release|Any CPU = Release|Any CPU
	EndGlobalSection
	GlobalSection(ProjectConfigurationPlatforms) = postSolution
		{13211B80-AD32-449F-96C3-8880F2DF1C77}.Debug|Any CPU.ActiveCfg = Debug|Any CPU
		{13211B80-AD32-449F-96C3-8880F2DF1C77}.Debug|Any CPU.Build.0 = Debug|Any CPU
		{13211B80-AD32-449F-96C3-8880F2DF1C77}.Release|Any CPU.ActiveCfg = Release|Any CPU
		{13211B80-AD32-449F-96C3-8880F2DF1C77}.Release|Any CPU.Build.0 = Release|Any CPU
	EndGlobalSection
EndGlobal
